PODS:
  - Analytics (3.6.10)
  - Base64 (1.1.2)
  - boost-for-react-native (1.63.0)
  - CodePush (5.5.1):
    - Base64 (~> 1.1)
    - JWT (~> 3.0.0-beta.7)
    - React
    - SSZipArchive (~> 2.1)
  - DoubleConversion (1.1.6)
  - Folly (2016.10.31.00):
    - boost-for-react-native
    - DoubleConversion
    - glog
  - glog (0.3.5)
  - JWT (3.0.0-beta.11):
    - Base64 (~> 1.1.2)
  - React (0.57.8):
    - React/Core (= 0.57.8)
  - React/Core (0.57.8):
    - yoga (= 0.57.8.React)
  - RNAnalytics (0.0.1-beta.3):
    - Analytics
    - React
  - RNGestureHandler (1.0.12):
    - React
  - Sentry (4.0.1):
    - Sentry/Core (= 4.0.1)
  - Sentry/Core (4.0.1)
  - SentryReactNative (0.40.2):
    - React
    - Sentry (~> 4.0.1)
  - SSZipArchive (2.1.4)
  - yoga (0.57.8.React)

DEPENDENCIES:
  - CodePush (from `../node_modules/react-native-code-push`)
  - DoubleConversion (from `../node_modules/react-native/third-party-podspecs/DoubleConversion.podspec`)
  - Folly (from `../node_modules/react-native/third-party-podspecs/Folly.podspec`)
  - glog (from `../node_modules/react-native/third-party-podspecs/glog.podspec`)
  - React (from `../node_modules/react-native`)
  - "RNAnalytics (from `../node_modules/@segment/analytics-react-native`)"
  - RNGestureHandler (from `../node_modules/react-native-gesture-handler`)
  - SentryReactNative (from `../node_modules/react-native-sentry`)
  - yoga (from `../node_modules/react-native/ReactCommon/yoga`)

SPEC REPOS:
  https://github.com/cocoapods/specs.git:
    - Analytics
    - Base64
    - boost-for-react-native
    - JWT
    - Sentry
    - SSZipArchive

EXTERNAL SOURCES:
  CodePush:
    :path: "../node_modules/react-native-code-push"
  DoubleConversion:
    :podspec: "../node_modules/react-native/third-party-podspecs/DoubleConversion.podspec"
  Folly:
    :podspec: "../node_modules/react-native/third-party-podspecs/Folly.podspec"
  glog:
    :podspec: "../node_modules/react-native/third-party-podspecs/glog.podspec"
  React:
    :path: "../node_modules/react-native"
  RNAnalytics:
    :path: "../node_modules/@segment/analytics-react-native"
  RNGestureHandler:
    :path: "../node_modules/react-native-gesture-handler"
  SentryReactNative:
    :path: "../node_modules/react-native-sentry"
  yoga:
    :path: "../node_modules/react-native/ReactCommon/yoga"

SPEC CHECKSUMS:
  Analytics: 63744ad4afa65c3bcdcdb7a94b62515bde5b3900
  Base64: cecfb41a004124895a7bcee567a89bae5a89d49b
  boost-for-react-native: 39c7adb57c4e60d6c5479dd8623128eb5b3f0f2c
  CodePush: cbb8e7f0de0cf68c1e25804d5c2c28b50ef896ea
  DoubleConversion: bb338842f62ab1d708ceb63ec3d999f0f3d98ecd
  Folly: c89ac2d5c6ab169cd7397ef27485c44f35f742c7
  glog: e8acf0ebbf99759d3ff18c86c292a5898282dcde
  JWT: 05028b9624591bba9681bb57df2c5f95fa258bad
  React: adbac0757ce35e92fbd447ab98c810209d27d9b0
  RNAnalytics: fbd2814daf6b87df79f3d46ef25a41e333632f66
  RNGestureHandler: 19864cb399138347461e7c9984ccf684cbf4db1d
  Sentry: a38f7879924c02239e121b19d993d23bdd1684db
  SentryReactNative: 1f9c6453e581e30dca6d149f3c907b8fcbd626f2
  SSZipArchive: 41455d4b8d2b6ab93990820b50dc697c2554a322
  yoga: 74cdf036c30820443b25ade59916236b1e95ee93

PODFILE CHECKSUM: ad447a0da6871b5be7f7350fac77625e152b3ed7

COCOAPODS: 1.6.0.beta.2
